dependencies:
- name: dotnet-chart
  repository: file://../api_chart
  version: 0.1.0
- name: dotnet-migration
  repository: file://../migration_chart
  version: 0.1.0
- name: sulfoxide-bromine
  repository: oci://ghcr.io/atomicloud/sulfoxide.bromine
  version: 1.3.0
- name: postgresql
  repository: oci://registry-1.docker.io/bitnamicharts
  version: 13.2.15
- name: minio
  repository: oci://registry-1.docker.io/bitnamicharts
  version: 12.10.2
- name: dragonfly
  repository: oci://ghcr.io/dragonflydb/dragonfly/helm
  version: v1.12.1
digest: sha256:347399b26f5544bae01d47d56e4b9069707f0dc1ba2f418455cb340db749dc6e
generated: "2023-11-25T00:09:09.251411+08:00"
