dependencies:
- name: dotnet-chart
  repository: file://../api_chart
  version: 0.1.0
- name: dotnet-migration
  repository: file://../migration_chart
  version: 0.1.0
- name: sulfoxide-bromine
  repository: oci://ghcr.io/atomicloud/sulfoxide.bromine
  version: 1.3.0
- name: postgresql
  repository: oci://registry-1.docker.io/bitnamicharts
  version: 13.2.15
- name: minio
  repository: oci://registry-1.docker.io/bitnamicharts
  version: 12.10.2
- name: dragonfly
  repository: oci://ghcr.io/dragonflydb/dragonfly/helm
  version: v1.12.1
digest: sha256:139641e1d50c4943cbb726340ce7e993251bdf57f7da7ea4d34a11939c0d9d5d
generated: "2023-11-22T22:46:52.964912+08:00"
