dependencies:
- name: dotnet-chart
  repository: file://../api_chart
  version: 0.1.0
- name: dotnet-migration
  repository: file://../migration_chart
  version: 0.1.0
- name: sulfoxide-bromine
  repository: oci://ghcr.io/atomicloud/sulfoxide.bromine
  version: 1.4.0
- name: postgresql
  repository: oci://registry-1.docker.io/bitnamicharts
  version: 15.5.16
- name: minio
  repository: oci://registry-1.docker.io/bitnamicharts
  version: 14.6.20
- name: dragonfly
  repository: oci://ghcr.io/dragonflydb/dragonfly/helm
  version: v1.20.1
- name: redis
  repository: oci://registry-1.docker.io/bitnamicharts
  version: 19.6.1
digest: sha256:42e78a714d46d611875f81688faac55b2cfb4b0e37cb1ed71a561660f30306c1
generated: "2024-07-13T21:38:38.403122+08:00"
